// !$*UTF8*$!
{
	archiveVersion = 1;
	classes = {
	};
	objectVersion = 56;
	objects = {

/* Begin PBXBuildFile section */
		6FB7E42D2B9B804900E69C64 /* reMindSwiftDataApp.swift in Sources */ = {isa = PBXBuildFile; fileRef = 6FB7E42C2B9B804900E69C64 /* reMindSwiftDataApp.swift */; };
		6FB7E42F2B9B804900E69C64 /* ContentView.swift in Sources */ = {isa = PBXBuildFile; fileRef = 6FB7E42E2B9B804900E69C64 /* ContentView.swift */; };
		6FB7E4312B9B804900E69C64 /* Item.swift in Sources */ = {isa = PBXBuildFile; fileRef = 6FB7E4302B9B804900E69C64 /* Item.swift */; };
		6FB7E4332B9B804B00E69C64 /* Assets.xcassets in Resources */ = {isa = PBXBuildFile; fileRef = 6FB7E4322B9B804B00E69C64 /* Assets.xcassets */; };
		6FB7E4362B9B804B00E69C64 /* Preview Assets.xcassets in Resources */ = {isa = PBXBuildFile; fileRef = 6FB7E4352B9B804B00E69C64 /* Preview Assets.xcassets */; };
		6FB7E4402B9B804C00E69C64 /* reMindSwiftDataTests.swift in Sources */ = {isa = PBXBuildFile; fileRef = 6FB7E43F2B9B804C00E69C64 /* reMindSwiftDataTests.swift */; };
		6FB7E44A2B9B804C00E69C64 /* reMindSwiftDataUITests.swift in Sources */ = {isa = PBXBuildFile; fileRef = 6FB7E4492B9B804C00E69C64 /* reMindSwiftDataUITests.swift */; };
		6FB7E44C2B9B804C00E69C64 /* reMindSwiftDataUITestsLaunchTests.swift in Sources */ = {isa = PBXBuildFile; fileRef = 6FB7E44B2B9B804C00E69C64 /* reMindSwiftDataUITestsLaunchTests.swift */; };
		6FB7E45A2B9B92B100E69C64 /* Term.swift in Sources */ = {isa = PBXBuildFile; fileRef = 6FB7E4592B9B92B100E69C64 /* Term.swift */; };
		6FB7E45C2B9B93E100E69C64 /* Box.swift in Sources */ = {isa = PBXBuildFile; fileRef = 6FB7E45B2B9B93E100E69C64 /* Box.swift */; };
		6FB7E4702B9B94FD00E69C64 /* reBackground.swift in Sources */ = {isa = PBXBuildFile; fileRef = 6FB7E45E2B9B94FD00E69C64 /* reBackground.swift */; };
		6FB7E4712B9B94FD00E69C64 /* reRadioButton.swift in Sources */ = {isa = PBXBuildFile; fileRef = 6FB7E45F2B9B94FD00E69C64 /* reRadioButton.swift */; };
		6FB7E4722B9B94FD00E69C64 /* reTextEditor.swift in Sources */ = {isa = PBXBuildFile; fileRef = 6FB7E4602B9B94FD00E69C64 /* reTextEditor.swift */; };
		6FB7E4732B9B94FD00E69C64 /* reTextField.swift in Sources */ = {isa = PBXBuildFile; fileRef = 6FB7E4612B9B94FD00E69C64 /* reTextField.swift */; };
		6FB7E4742B9B94FD00E69C64 /* TextValidation.swift in Sources */ = {isa = PBXBuildFile; fileRef = 6FB7E4642B9B94FD00E69C64 /* TextValidation.swift */; };
		6FB7E4752B9B94FD00E69C64 /* reBadge.swift in Sources */ = {isa = PBXBuildFile; fileRef = 6FB7E4662B9B94FD00E69C64 /* reBadge.swift */; };
		6FB7E4762B9B94FD00E69C64 /* ActiveRecord.swift in Sources */ = {isa = PBXBuildFile; fileRef = 6FB7E4682B9B94FD00E69C64 /* ActiveRecord.swift */; };
		6FB7E4772B9B94FD00E69C64 /* Palette.swift in Sources */ = {isa = PBXBuildFile; fileRef = 6FB7E46A2B9B94FD00E69C64 /* Palette.swift */; };
		6FB7E4782B9B94FD00E69C64 /* reButtonStyle.swift in Sources */ = {isa = PBXBuildFile; fileRef = 6FB7E46B2B9B94FD00E69C64 /* reButtonStyle.swift */; };
		6FB7E4792B9B94FD00E69C64 /* reColorButtonStyle.swift in Sources */ = {isa = PBXBuildFile; fileRef = 6FB7E46C2B9B94FD00E69C64 /* reColorButtonStyle.swift */; };
		6FB7E47A2B9B94FD00E69C64 /* reTextFieldStyle.swift in Sources */ = {isa = PBXBuildFile; fileRef = 6FB7E46D2B9B94FD00E69C64 /* reTextFieldStyle.swift */; };
		6FB7E4A92B9B996900E69C64 /* Theme.swift in Sources */ = {isa = PBXBuildFile; fileRef = 6FB7E4A82B9B996900E69C64 /* Theme.swift */; };
		6FB7E4AF2B9B9A4300E69C64 /* BoxCardView.swift in Sources */ = {isa = PBXBuildFile; fileRef = 6FB7E4AA2B9B9A4300E69C64 /* BoxCardView.swift */; };
		6FB7E4B02B9B9A4300E69C64 /* BoxesView.swift in Sources */ = {isa = PBXBuildFile; fileRef = 6FB7E4AC2B9B9A4300E69C64 /* BoxesView.swift */; };
		6FB7E4B12B9B9A4300E69C64 /* BoxesViewModel.swift in Sources */ = {isa = PBXBuildFile; fileRef = 6FB7E4AD2B9B9A4300E69C64 /* BoxesViewModel.swift */; };
		6FB7E4B72B9B9F4000E69C64 /* reRadionButtonGroup.swift in Sources */ = {isa = PBXBuildFile; fileRef = 6FB7E4B22B9B9F4000E69C64 /* reRadionButtonGroup.swift */; };
		6FB7E4B82B9B9F4000E69C64 /* BoxCreationView.swift in Sources */ = {isa = PBXBuildFile; fileRef = 6FB7E4B42B9B9F4000E69C64 /* BoxCreationView.swift */; };
		6FB7E4B92B9B9F4000E69C64 /* BoxEditorView.swift in Sources */ = {isa = PBXBuildFile; fileRef = 6FB7E4B52B9B9F4000E69C64 /* BoxEditorView.swift */; };
		6FB7E4BE2B9BD6F500E69C64 /* TodaysCardView.swift in Sources */ = {isa = PBXBuildFile; fileRef = 6FB7E4BA2B9BD6F500E69C64 /* TodaysCardView.swift */; };
		6FB7E4BF2B9BD6F500E69C64 /* BoxView.swift in Sources */ = {isa = PBXBuildFile; fileRef = 6FB7E4BC2B9BD6F500E69C64 /* BoxView.swift */; };
		6FB7E4C12B9BD7B700E69C64 /* SwipeReview.swift in Sources */ = {isa = PBXBuildFile; fileRef = 6FB7E4C02B9BD7B700E69C64 /* SwipeReview.swift */; };
		6FB7E4C52B9BDE7800E69C64 /* TermCreatorView.swift in Sources */ = {isa = PBXBuildFile; fileRef = 6FB7E4C22B9BDE7700E69C64 /* TermCreatorView.swift */; };
		6FB7E4C62B9BDE7800E69C64 /* TermEditorView.swift in Sources */ = {isa = PBXBuildFile; fileRef = 6FB7E4C32B9BDE7700E69C64 /* TermEditorView.swift */; };
		6FB7E4CC2B9BFCDB00E69C64 /* SwipperCard.swift in Sources */ = {isa = PBXBuildFile; fileRef = 6FB7E4C72B9BFCDB00E69C64 /* SwipperCard.swift */; };
		6FB7E4CD2B9BFCDB00E69C64 /* SwipperLabel.swift in Sources */ = {isa = PBXBuildFile; fileRef = 6FB7E4C82B9BFCDB00E69C64 /* SwipperLabel.swift */; };
		6FB7E4CE2B9BFCDB00E69C64 /* SwipperView.swift in Sources */ = {isa = PBXBuildFile; fileRef = 6FB7E4CA2B9BFCDB00E69C64 /* SwipperView.swift */; };
		6FB7E4D42B9BFDDA00E69C64 /* SwipperReportListItem.swift in Sources */ = {isa = PBXBuildFile; fileRef = 6FB7E4CF2B9BFDDA00E69C64 /* SwipperReportListItem.swift */; };
		6FB7E4D52B9BFDDA00E69C64 /* SwipperReportView.swift in Sources */ = {isa = PBXBuildFile; fileRef = 6FB7E4D12B9BFDDA00E69C64 /* SwipperReportView.swift */; };
		6FB7E4D62B9BFDDA00E69C64 /* SwipperReportViewModel.swift in Sources */ = {isa = PBXBuildFile; fileRef = 6FB7E4D22B9BFDDA00E69C64 /* SwipperReportViewModel.swift */; };
/* End PBXBuildFile section */

/* Begin PBXContainerItemProxy section */
		6FB7E43C2B9B804C00E69C64 /* PBXContainerItemProxy */ = {
			isa = PBXContainerItemProxy;
			containerPortal = 6FB7E4212B9B804900E69C64 /* Project object */;
			proxyType = 1;
			remoteGlobalIDString = 6FB7E4282B9B804900E69C64;
			remoteInfo = reMindSwiftData;
		};
		6FB7E4462B9B804C00E69C64 /* PBXContainerItemProxy */ = {
			isa = PBXContainerItemProxy;
			containerPortal = 6FB7E4212B9B804900E69C64 /* Project object */;
			proxyType = 1;
			remoteGlobalIDString = 6FB7E4282B9B804900E69C64;
			remoteInfo = reMindSwiftData;
		};
/* End PBXContainerItemProxy section */

/* Begin PBXFileReference section */
		6FB7E4292B9B804900E69C64 /* reMindSwiftData.app */ = {isa = PBXFileReference; explicitFileType = wrapper.application; includeInIndex = 0; path = reMindSwiftData.app; sourceTree = BUILT_PRODUCTS_DIR; };
		6FB7E42C2B9B804900E69C64 /* reMindSwiftDataApp.swift */ = {isa = PBXFileReference; lastKnownFileType = sourcecode.swift; path = reMindSwiftDataApp.swift; sourceTree = "<group>"; };
		6FB7E42E2B9B804900E69C64 /* ContentView.swift */ = {isa = PBXFileReference; lastKnownFileType = sourcecode.swift; path = ContentView.swift; sourceTree = "<group>"; };
		6FB7E4302B9B804900E69C64 /* Item.swift */ = {isa = PBXFileReference; lastKnownFileType = sourcecode.swift; path = Item.swift; sourceTree = "<group>"; };
		6FB7E4322B9B804B00E69C64 /* Assets.xcassets */ = {isa = PBXFileReference; lastKnownFileType = folder.assetcatalog; path = Assets.xcassets; sourceTree = "<group>"; };
		6FB7E4352B9B804B00E69C64 /* Preview Assets.xcassets */ = {isa = PBXFileReference; lastKnownFileType = folder.assetcatalog; path = "Preview Assets.xcassets"; sourceTree = "<group>"; };
		6FB7E43B2B9B804C00E69C64 /* reMindSwiftDataTests.xctest */ = {isa = PBXFileReference; explicitFileType = wrapper.cfbundle; includeInIndex = 0; path = reMindSwiftDataTests.xctest; sourceTree = BUILT_PRODUCTS_DIR; };
		6FB7E43F2B9B804C00E69C64 /* reMindSwiftDataTests.swift */ = {isa = PBXFileReference; lastKnownFileType = sourcecode.swift; path = reMindSwiftDataTests.swift; sourceTree = "<group>"; };
		6FB7E4452B9B804C00E69C64 /* reMindSwiftDataUITests.xctest */ = {isa = PBXFileReference; explicitFileType = wrapper.cfbundle; includeInIndex = 0; path = reMindSwiftDataUITests.xctest; sourceTree = BUILT_PRODUCTS_DIR; };
		6FB7E4492B9B804C00E69C64 /* reMindSwiftDataUITests.swift */ = {isa = PBXFileReference; lastKnownFileType = sourcecode.swift; path = reMindSwiftDataUITests.swift; sourceTree = "<group>"; };
		6FB7E44B2B9B804C00E69C64 /* reMindSwiftDataUITestsLaunchTests.swift */ = {isa = PBXFileReference; lastKnownFileType = sourcecode.swift; path = reMindSwiftDataUITestsLaunchTests.swift; sourceTree = "<group>"; };
		6FB7E4592B9B92B100E69C64 /* Term.swift */ = {isa = PBXFileReference; lastKnownFileType = sourcecode.swift; path = Term.swift; sourceTree = "<group>"; };
		6FB7E45B2B9B93E100E69C64 /* Box.swift */ = {isa = PBXFileReference; lastKnownFileType = sourcecode.swift; path = Box.swift; sourceTree = "<group>"; };
		6FB7E45E2B9B94FD00E69C64 /* reBackground.swift */ = {isa = PBXFileReference; fileEncoding = 4; lastKnownFileType = sourcecode.swift; path = reBackground.swift; sourceTree = "<group>"; };
		6FB7E45F2B9B94FD00E69C64 /* reRadioButton.swift */ = {isa = PBXFileReference; fileEncoding = 4; lastKnownFileType = sourcecode.swift; path = reRadioButton.swift; sourceTree = "<group>"; };
		6FB7E4602B9B94FD00E69C64 /* reTextEditor.swift */ = {isa = PBXFileReference; fileEncoding = 4; lastKnownFileType = sourcecode.swift; path = reTextEditor.swift; sourceTree = "<group>"; };
		6FB7E4612B9B94FD00E69C64 /* reTextField.swift */ = {isa = PBXFileReference; fileEncoding = 4; lastKnownFileType = sourcecode.swift; path = reTextField.swift; sourceTree = "<group>"; };
		6FB7E4642B9B94FD00E69C64 /* TextValidation.swift */ = {isa = PBXFileReference; fileEncoding = 4; lastKnownFileType = sourcecode.swift; path = TextValidation.swift; sourceTree = "<group>"; };
		6FB7E4662B9B94FD00E69C64 /* reBadge.swift */ = {isa = PBXFileReference; fileEncoding = 4; lastKnownFileType = sourcecode.swift; path = reBadge.swift; sourceTree = "<group>"; };
		6FB7E4682B9B94FD00E69C64 /* ActiveRecord.swift */ = {isa = PBXFileReference; fileEncoding = 4; lastKnownFileType = sourcecode.swift; path = ActiveRecord.swift; sourceTree = "<group>"; };
		6FB7E46A2B9B94FD00E69C64 /* Palette.swift */ = {isa = PBXFileReference; fileEncoding = 4; lastKnownFileType = sourcecode.swift; path = Palette.swift; sourceTree = "<group>"; };
		6FB7E46B2B9B94FD00E69C64 /* reButtonStyle.swift */ = {isa = PBXFileReference; fileEncoding = 4; lastKnownFileType = sourcecode.swift; path = reButtonStyle.swift; sourceTree = "<group>"; };
		6FB7E46C2B9B94FD00E69C64 /* reColorButtonStyle.swift */ = {isa = PBXFileReference; fileEncoding = 4; lastKnownFileType = sourcecode.swift; path = reColorButtonStyle.swift; sourceTree = "<group>"; };
		6FB7E46D2B9B94FD00E69C64 /* reTextFieldStyle.swift */ = {isa = PBXFileReference; fileEncoding = 4; lastKnownFileType = sourcecode.swift; path = reTextFieldStyle.swift; sourceTree = "<group>"; };
		6FB7E4A82B9B996900E69C64 /* Theme.swift */ = {isa = PBXFileReference; lastKnownFileType = sourcecode.swift; path = Theme.swift; sourceTree = "<group>"; };
		6FB7E4AA2B9B9A4300E69C64 /* BoxCardView.swift */ = {isa = PBXFileReference; fileEncoding = 4; lastKnownFileType = sourcecode.swift; path = BoxCardView.swift; sourceTree = "<group>"; };
		6FB7E4AC2B9B9A4300E69C64 /* BoxesView.swift */ = {isa = PBXFileReference; fileEncoding = 4; lastKnownFileType = sourcecode.swift; path = BoxesView.swift; sourceTree = "<group>"; };
		6FB7E4AD2B9B9A4300E69C64 /* BoxesViewModel.swift */ = {isa = PBXFileReference; fileEncoding = 4; lastKnownFileType = sourcecode.swift; path = BoxesViewModel.swift; sourceTree = "<group>"; };
		6FB7E4B22B9B9F4000E69C64 /* reRadionButtonGroup.swift */ = {isa = PBXFileReference; fileEncoding = 4; lastKnownFileType = sourcecode.swift; path = reRadionButtonGroup.swift; sourceTree = "<group>"; };
		6FB7E4B42B9B9F4000E69C64 /* BoxCreationView.swift */ = {isa = PBXFileReference; fileEncoding = 4; lastKnownFileType = sourcecode.swift; path = BoxCreationView.swift; sourceTree = "<group>"; };
		6FB7E4B52B9B9F4000E69C64 /* BoxEditorView.swift */ = {isa = PBXFileReference; fileEncoding = 4; lastKnownFileType = sourcecode.swift; path = BoxEditorView.swift; sourceTree = "<group>"; };
		6FB7E4BA2B9BD6F500E69C64 /* TodaysCardView.swift */ = {isa = PBXFileReference; fileEncoding = 4; lastKnownFileType = sourcecode.swift; path = TodaysCardView.swift; sourceTree = "<group>"; };
		6FB7E4BC2B9BD6F500E69C64 /* BoxView.swift */ = {isa = PBXFileReference; fileEncoding = 4; lastKnownFileType = sourcecode.swift; path = BoxView.swift; sourceTree = "<group>"; };
		6FB7E4C02B9BD7B700E69C64 /* SwipeReview.swift */ = {isa = PBXFileReference; fileEncoding = 4; lastKnownFileType = sourcecode.swift; path = SwipeReview.swift; sourceTree = "<group>"; };
		6FB7E4C22B9BDE7700E69C64 /* TermCreatorView.swift */ = {isa = PBXFileReference; fileEncoding = 4; lastKnownFileType = sourcecode.swift; path = TermCreatorView.swift; sourceTree = "<group>"; };
		6FB7E4C32B9BDE7700E69C64 /* TermEditorView.swift */ = {isa = PBXFileReference; fileEncoding = 4; lastKnownFileType = sourcecode.swift; path = TermEditorView.swift; sourceTree = "<group>"; };
		6FB7E4C72B9BFCDB00E69C64 /* SwipperCard.swift */ = {isa = PBXFileReference; fileEncoding = 4; lastKnownFileType = sourcecode.swift; path = SwipperCard.swift; sourceTree = "<group>"; };
		6FB7E4C82B9BFCDB00E69C64 /* SwipperLabel.swift */ = {isa = PBXFileReference; fileEncoding = 4; lastKnownFileType = sourcecode.swift; path = SwipperLabel.swift; sourceTree = "<group>"; };
		6FB7E4CA2B9BFCDB00E69C64 /* SwipperView.swift */ = {isa = PBXFileReference; fileEncoding = 4; lastKnownFileType = sourcecode.swift; path = SwipperView.swift; sourceTree = "<group>"; };
		6FB7E4CF2B9BFDDA00E69C64 /* SwipperReportListItem.swift */ = {isa = PBXFileReference; fileEncoding = 4; lastKnownFileType = sourcecode.swift; path = SwipperReportListItem.swift; sourceTree = "<group>"; };
		6FB7E4D12B9BFDDA00E69C64 /* SwipperReportView.swift */ = {isa = PBXFileReference; fileEncoding = 4; lastKnownFileType = sourcecode.swift; path = SwipperReportView.swift; sourceTree = "<group>"; };
		6FB7E4D22B9BFDDA00E69C64 /* SwipperReportViewModel.swift */ = {isa = PBXFileReference; fileEncoding = 4; lastKnownFileType = sourcecode.swift; path = SwipperReportViewModel.swift; sourceTree = "<group>"; };
/* End PBXFileReference section */

/* Begin PBXFrameworksBuildPhase section */
		6FB7E4262B9B804900E69C64 /* Frameworks */ = {
			isa = PBXFrameworksBuildPhase;
			buildActionMask = 2147483647;
			files = (
			);
			runOnlyForDeploymentPostprocessing = 0;
		};
		6FB7E4382B9B804C00E69C64 /* Frameworks */ = {
			isa = PBXFrameworksBuildPhase;
			buildActionMask = 2147483647;
			files = (
			);
			runOnlyForDeploymentPostprocessing = 0;
		};
		6FB7E4422B9B804C00E69C64 /* Frameworks */ = {
			isa = PBXFrameworksBuildPhase;
			buildActionMask = 2147483647;
			files = (
			);
			runOnlyForDeploymentPostprocessing = 0;
		};
/* End PBXFrameworksBuildPhase section */

/* Begin PBXGroup section */
		6FB7E4202B9B804900E69C64 = {
			isa = PBXGroup;
			children = (
				6FB7E42B2B9B804900E69C64 /* reMindSwiftData */,
				6FB7E43E2B9B804C00E69C64 /* reMindSwiftDataTests */,
				6FB7E4482B9B804C00E69C64 /* reMindSwiftDataUITests */,
				6FB7E42A2B9B804900E69C64 /* Products */,
			);
			sourceTree = "<group>";
		};
		6FB7E42A2B9B804900E69C64 /* Products */ = {
			isa = PBXGroup;
			children = (
				6FB7E4292B9B804900E69C64 /* reMindSwiftData.app */,
				6FB7E43B2B9B804C00E69C64 /* reMindSwiftDataTests.xctest */,
				6FB7E4452B9B804C00E69C64 /* reMindSwiftDataUITests.xctest */,
			);
			name = Products;
			sourceTree = "<group>";
		};
		6FB7E42B2B9B804900E69C64 /* reMindSwiftData */ = {
			isa = PBXGroup;
			children = (
				6FB7E47B2B9B95D100E69C64 /* App */,
				6FB7E4322B9B804B00E69C64 /* Assets.xcassets */,
				6FB7E4972B9B962000E69C64 /* Features */,
				6FB7E4582B9B91AE00E69C64 /* Models */,
				6FB7E4342B9B804B00E69C64 /* Preview Content */,
				6FB7E46F2B9B94FD00E69C64 /* Utils */,
			);
			path = reMindSwiftData;
			sourceTree = "<group>";
		};
		6FB7E4342B9B804B00E69C64 /* Preview Content */ = {
			isa = PBXGroup;
			children = (
				6FB7E4352B9B804B00E69C64 /* Preview Assets.xcassets */,
			);
			path = "Preview Content";
			sourceTree = "<group>";
		};
		6FB7E43E2B9B804C00E69C64 /* reMindSwiftDataTests */ = {
			isa = PBXGroup;
			children = (
				6FB7E43F2B9B804C00E69C64 /* reMindSwiftDataTests.swift */,
			);
			path = reMindSwiftDataTests;
			sourceTree = "<group>";
		};
		6FB7E4482B9B804C00E69C64 /* reMindSwiftDataUITests */ = {
			isa = PBXGroup;
			children = (
				6FB7E4492B9B804C00E69C64 /* reMindSwiftDataUITests.swift */,
				6FB7E44B2B9B804C00E69C64 /* reMindSwiftDataUITestsLaunchTests.swift */,
			);
			path = reMindSwiftDataUITests;
			sourceTree = "<group>";
		};
		6FB7E4582B9B91AE00E69C64 /* Models */ = {
			isa = PBXGroup;
			children = (
				6FB7E4302B9B804900E69C64 /* Item.swift */,
				6FB7E4A82B9B996900E69C64 /* Theme.swift */,
				6FB7E4592B9B92B100E69C64 /* Term.swift */,
				6FB7E45B2B9B93E100E69C64 /* Box.swift */,
				6FB7E4C02B9BD7B700E69C64 /* SwipeReview.swift */,
			);
			path = Models;
			sourceTree = "<group>";
		};
		6FB7E4622B9B94FD00E69C64 /* Components */ = {
			isa = PBXGroup;
			children = (
				6FB7E45E2B9B94FD00E69C64 /* reBackground.swift */,
				6FB7E45F2B9B94FD00E69C64 /* reRadioButton.swift */,
				6FB7E4602B9B94FD00E69C64 /* reTextEditor.swift */,
				6FB7E4612B9B94FD00E69C64 /* reTextField.swift */,
			);
			path = Components;
			sourceTree = "<group>";
		};
		6FB7E4632B9B94FD00E69C64 /* Extensions */ = {
			isa = PBXGroup;
			children = (
			);
			path = Extensions;
			sourceTree = "<group>";
		};
		6FB7E4652B9B94FD00E69C64 /* Helpers */ = {
			isa = PBXGroup;
			children = (
				6FB7E4642B9B94FD00E69C64 /* TextValidation.swift */,
			);
			path = Helpers;
			sourceTree = "<group>";
		};
		6FB7E4672B9B94FD00E69C64 /* Modifiers */ = {
			isa = PBXGroup;
			children = (
				6FB7E4662B9B94FD00E69C64 /* reBadge.swift */,
			);
			path = Modifiers;
			sourceTree = "<group>";
		};
		6FB7E4692B9B94FD00E69C64 /* Protocols */ = {
			isa = PBXGroup;
			children = (
				6FB7E4682B9B94FD00E69C64 /* ActiveRecord.swift */,
			);
			path = Protocols;
			sourceTree = "<group>";
		};
		6FB7E46E2B9B94FD00E69C64 /* Styles */ = {
			isa = PBXGroup;
			children = (
				6FB7E46A2B9B94FD00E69C64 /* Palette.swift */,
				6FB7E46B2B9B94FD00E69C64 /* reButtonStyle.swift */,
				6FB7E46C2B9B94FD00E69C64 /* reColorButtonStyle.swift */,
				6FB7E46D2B9B94FD00E69C64 /* reTextFieldStyle.swift */,
			);
			path = Styles;
			sourceTree = "<group>";
		};
		6FB7E46F2B9B94FD00E69C64 /* Utils */ = {
			isa = PBXGroup;
			children = (
				6FB7E4622B9B94FD00E69C64 /* Components */,
				6FB7E4632B9B94FD00E69C64 /* Extensions */,
				6FB7E4652B9B94FD00E69C64 /* Helpers */,
				6FB7E4672B9B94FD00E69C64 /* Modifiers */,
				6FB7E4692B9B94FD00E69C64 /* Protocols */,
				6FB7E46E2B9B94FD00E69C64 /* Styles */,
			);
			path = Utils;
			sourceTree = "<group>";
		};
		6FB7E47B2B9B95D100E69C64 /* App */ = {
			isa = PBXGroup;
			children = (
				6FB7E42C2B9B804900E69C64 /* reMindSwiftDataApp.swift */,
				6FB7E42E2B9B804900E69C64 /* ContentView.swift */,
			);
			path = App;
			sourceTree = "<group>";
		};
		6FB7E4972B9B962000E69C64 /* Features */ = {
			isa = PBXGroup;
			children = (
				6FB7E4D32B9BFDDA00E69C64 /* Report */,
				6FB7E4CB2B9BFCDB00E69C64 /* Swipper */,
				6FB7E4C42B9BDE7700E69C64 /* TermEditor */,
				6FB7E4BD2B9BD6F500E69C64 /* Box */,
				6FB7E4B62B9B9F4000E69C64 /* BoxEditor */,
				6FB7E4AE2B9B9A4300E69C64 /* Boxes */,
			);
			path = Features;
			sourceTree = "<group>";
		};
		6FB7E4AB2B9B9A4300E69C64 /* Components */ = {
			isa = PBXGroup;
			children = (
				6FB7E4AA2B9B9A4300E69C64 /* BoxCardView.swift */,
			);
			path = Components;
			sourceTree = "<group>";
		};
		6FB7E4AE2B9B9A4300E69C64 /* Boxes */ = {
			isa = PBXGroup;
			children = (
				6FB7E4AB2B9B9A4300E69C64 /* Components */,
				6FB7E4AC2B9B9A4300E69C64 /* BoxesView.swift */,
				6FB7E4AD2B9B9A4300E69C64 /* BoxesViewModel.swift */,
			);
			path = Boxes;
			sourceTree = "<group>";
		};
		6FB7E4B32B9B9F4000E69C64 /* Components */ = {
			isa = PBXGroup;
			children = (
				6FB7E4B22B9B9F4000E69C64 /* reRadionButtonGroup.swift */,
			);
			path = Components;
			sourceTree = "<group>";
		};
		6FB7E4B62B9B9F4000E69C64 /* BoxEditor */ = {
			isa = PBXGroup;
			children = (
				6FB7E4B32B9B9F4000E69C64 /* Components */,
				6FB7E4B42B9B9F4000E69C64 /* BoxCreationView.swift */,
				6FB7E4B52B9B9F4000E69C64 /* BoxEditorView.swift */,
			);
			path = BoxEditor;
			sourceTree = "<group>";
		};
		6FB7E4BB2B9BD6F500E69C64 /* Components */ = {
			isa = PBXGroup;
			children = (
				6FB7E4BA2B9BD6F500E69C64 /* TodaysCardView.swift */,
			);
			path = Components;
			sourceTree = "<group>";
		};
		6FB7E4BD2B9BD6F500E69C64 /* Box */ = {
			isa = PBXGroup;
			children = (
				6FB7E4BB2B9BD6F500E69C64 /* Components */,
				6FB7E4BC2B9BD6F500E69C64 /* BoxView.swift */,
			);
			path = Box;
			sourceTree = "<group>";
		};
		6FB7E4C42B9BDE7700E69C64 /* TermEditor */ = {
			isa = PBXGroup;
			children = (
				6FB7E4C22B9BDE7700E69C64 /* TermCreatorView.swift */,
				6FB7E4C32B9BDE7700E69C64 /* TermEditorView.swift */,
			);
			path = TermEditor;
			sourceTree = "<group>";
		};
		6FB7E4C92B9BFCDB00E69C64 /* Componets */ = {
			isa = PBXGroup;
			children = (
				6FB7E4C72B9BFCDB00E69C64 /* SwipperCard.swift */,
				6FB7E4C82B9BFCDB00E69C64 /* SwipperLabel.swift */,
			);
			path = Componets;
			sourceTree = "<group>";
		};
		6FB7E4CB2B9BFCDB00E69C64 /* Swipper */ = {
			isa = PBXGroup;
			children = (
				6FB7E4C92B9BFCDB00E69C64 /* Componets */,
				6FB7E4CA2B9BFCDB00E69C64 /* SwipperView.swift */,
			);
			path = Swipper;
			sourceTree = "<group>";
		};
		6FB7E4D02B9BFDDA00E69C64 /* Components */ = {
			isa = PBXGroup;
			children = (
				6FB7E4CF2B9BFDDA00E69C64 /* SwipperReportListItem.swift */,
			);
			path = Components;
			sourceTree = "<group>";
		};
		6FB7E4D32B9BFDDA00E69C64 /* Report */ = {
			isa = PBXGroup;
			children = (
				6FB7E4D02B9BFDDA00E69C64 /* Components */,
				6FB7E4D12B9BFDDA00E69C64 /* SwipperReportView.swift */,
				6FB7E4D22B9BFDDA00E69C64 /* SwipperReportViewModel.swift */,
			);
			path = Report;
			sourceTree = "<group>";
		};
/* End PBXGroup section */

/* Begin PBXNativeTarget section */
		6FB7E4282B9B804900E69C64 /* reMindSwiftData */ = {
			isa = PBXNativeTarget;
			buildConfigurationList = 6FB7E44F2B9B804C00E69C64 /* Build configuration list for PBXNativeTarget "reMindSwiftData" */;
			buildPhases = (
				6FB7E4252B9B804900E69C64 /* Sources */,
				6FB7E4262B9B804900E69C64 /* Frameworks */,
				6FB7E4272B9B804900E69C64 /* Resources */,
			);
			buildRules = (
			);
			dependencies = (
			);
			name = reMindSwiftData;
			productName = reMindSwiftData;
			productReference = 6FB7E4292B9B804900E69C64 /* reMindSwiftData.app */;
			productType = "com.apple.product-type.application";
		};
		6FB7E43A2B9B804C00E69C64 /* reMindSwiftDataTests */ = {
			isa = PBXNativeTarget;
			buildConfigurationList = 6FB7E4522B9B804C00E69C64 /* Build configuration list for PBXNativeTarget "reMindSwiftDataTests" */;
			buildPhases = (
				6FB7E4372B9B804C00E69C64 /* Sources */,
				6FB7E4382B9B804C00E69C64 /* Frameworks */,
				6FB7E4392B9B804C00E69C64 /* Resources */,
			);
			buildRules = (
			);
			dependencies = (
				6FB7E43D2B9B804C00E69C64 /* PBXTargetDependency */,
			);
			name = reMindSwiftDataTests;
			productName = reMindSwiftDataTests;
			productReference = 6FB7E43B2B9B804C00E69C64 /* reMindSwiftDataTests.xctest */;
			productType = "com.apple.product-type.bundle.unit-test";
		};
		6FB7E4442B9B804C00E69C64 /* reMindSwiftDataUITests */ = {
			isa = PBXNativeTarget;
			buildConfigurationList = 6FB7E4552B9B804C00E69C64 /* Build configuration list for PBXNativeTarget "reMindSwiftDataUITests" */;
			buildPhases = (
				6FB7E4412B9B804C00E69C64 /* Sources */,
				6FB7E4422B9B804C00E69C64 /* Frameworks */,
				6FB7E4432B9B804C00E69C64 /* Resources */,
			);
			buildRules = (
			);
			dependencies = (
				6FB7E4472B9B804C00E69C64 /* PBXTargetDependency */,
			);
			name = reMindSwiftDataUITests;
			productName = reMindSwiftDataUITests;
			productReference = 6FB7E4452B9B804C00E69C64 /* reMindSwiftDataUITests.xctest */;
			productType = "com.apple.product-type.bundle.ui-testing";
		};
/* End PBXNativeTarget section */

/* Begin PBXProject section */
		6FB7E4212B9B804900E69C64 /* Project object */ = {
			isa = PBXProject;
			attributes = {
				BuildIndependentTargetsInParallel = 1;
				LastSwiftUpdateCheck = 1530;
				LastUpgradeCheck = 1530;
				TargetAttributes = {
					6FB7E4282B9B804900E69C64 = {
						CreatedOnToolsVersion = 15.3;
					};
					6FB7E43A2B9B804C00E69C64 = {
						CreatedOnToolsVersion = 15.3;
						TestTargetID = 6FB7E4282B9B804900E69C64;
					};
					6FB7E4442B9B804C00E69C64 = {
						CreatedOnToolsVersion = 15.3;
						TestTargetID = 6FB7E4282B9B804900E69C64;
					};
				};
			};
			buildConfigurationList = 6FB7E4242B9B804900E69C64 /* Build configuration list for PBXProject "reMindSwiftData" */;
			compatibilityVersion = "Xcode 14.0";
			developmentRegion = en;
			hasScannedForEncodings = 0;
			knownRegions = (
				en,
				Base,
			);
			mainGroup = 6FB7E4202B9B804900E69C64;
			productRefGroup = 6FB7E42A2B9B804900E69C64 /* Products */;
			projectDirPath = "";
			projectRoot = "";
			targets = (
				6FB7E4282B9B804900E69C64 /* reMindSwiftData */,
				6FB7E43A2B9B804C00E69C64 /* reMindSwiftDataTests */,
				6FB7E4442B9B804C00E69C64 /* reMindSwiftDataUITests */,
			);
		};
/* End PBXProject section */

/* Begin PBXResourcesBuildPhase section */
		6FB7E4272B9B804900E69C64 /* Resources */ = {
			isa = PBXResourcesBuildPhase;
			buildActionMask = 2147483647;
			files = (
				6FB7E4362B9B804B00E69C64 /* Preview Assets.xcassets in Resources */,
				6FB7E4332B9B804B00E69C64 /* Assets.xcassets in Resources */,
			);
			runOnlyForDeploymentPostprocessing = 0;
		};
		6FB7E4392B9B804C00E69C64 /* Resources */ = {
			isa = PBXResourcesBuildPhase;
			buildActionMask = 2147483647;
			files = (
			);
			runOnlyForDeploymentPostprocessing = 0;
		};
		6FB7E4432B9B804C00E69C64 /* Resources */ = {
			isa = PBXResourcesBuildPhase;
			buildActionMask = 2147483647;
			files = (
			);
			runOnlyForDeploymentPostprocessing = 0;
		};
/* End PBXResourcesBuildPhase section */

/* Begin PBXSourcesBuildPhase section */
		6FB7E4252B9B804900E69C64 /* Sources */ = {
			isa = PBXSourcesBuildPhase;
			buildActionMask = 2147483647;
			files = (
				6FB7E4BE2B9BD6F500E69C64 /* TodaysCardView.swift in Sources */,
				6FB7E4722B9B94FD00E69C64 /* reTextEditor.swift in Sources */,
				6FB7E4742B9B94FD00E69C64 /* TextValidation.swift in Sources */,
				6FB7E47A2B9B94FD00E69C64 /* reTextFieldStyle.swift in Sources */,
				6FB7E4B82B9B9F4000E69C64 /* BoxCreationView.swift in Sources */,
				6FB7E4B72B9B9F4000E69C64 /* reRadionButtonGroup.swift in Sources */,
				6FB7E4C12B9BD7B700E69C64 /* SwipeReview.swift in Sources */,
				6FB7E4D42B9BFDDA00E69C64 /* SwipperReportListItem.swift in Sources */,
				6FB7E4B02B9B9A4300E69C64 /* BoxesView.swift in Sources */,
				6FB7E4CC2B9BFCDB00E69C64 /* SwipperCard.swift in Sources */,
				6FB7E4BF2B9BD6F500E69C64 /* BoxView.swift in Sources */,
				6FB7E4702B9B94FD00E69C64 /* reBackground.swift in Sources */,
				6FB7E4CD2B9BFCDB00E69C64 /* SwipperLabel.swift in Sources */,
				6FB7E4752B9B94FD00E69C64 /* reBadge.swift in Sources */,
				6FB7E4B92B9B9F4000E69C64 /* BoxEditorView.swift in Sources */,
				6FB7E4C52B9BDE7800E69C64 /* TermCreatorView.swift in Sources */,
				6FB7E4CE2B9BFCDB00E69C64 /* SwipperView.swift in Sources */,
				6FB7E4792B9B94FD00E69C64 /* reColorButtonStyle.swift in Sources */,
				6FB7E4AF2B9B9A4300E69C64 /* BoxCardView.swift in Sources */,
				6FB7E4D62B9BFDDA00E69C64 /* SwipperReportViewModel.swift in Sources */,
				6FB7E4782B9B94FD00E69C64 /* reButtonStyle.swift in Sources */,
				6FB7E42F2B9B804900E69C64 /* ContentView.swift in Sources */,
				6FB7E4C62B9BDE7800E69C64 /* TermEditorView.swift in Sources */,
				6FB7E45A2B9B92B100E69C64 /* Term.swift in Sources */,
				6FB7E4A92B9B996900E69C64 /* Theme.swift in Sources */,
				6FB7E4D52B9BFDDA00E69C64 /* SwipperReportView.swift in Sources */,
				6FB7E4B12B9B9A4300E69C64 /* BoxesViewModel.swift in Sources */,
				6FB7E4772B9B94FD00E69C64 /* Palette.swift in Sources */,
				6FB7E4712B9B94FD00E69C64 /* reRadioButton.swift in Sources */,
				6FB7E4312B9B804900E69C64 /* Item.swift in Sources */,
				6FB7E4762B9B94FD00E69C64 /* ActiveRecord.swift in Sources */,
				6FB7E42D2B9B804900E69C64 /* reMindSwiftDataApp.swift in Sources */,
				6FB7E4732B9B94FD00E69C64 /* reTextField.swift in Sources */,
				6FB7E45C2B9B93E100E69C64 /* Box.swift in Sources */,
			);
			runOnlyForDeploymentPostprocessing = 0;
		};
		6FB7E4372B9B804C00E69C64 /* Sources */ = {
			isa = PBXSourcesBuildPhase;
			buildActionMask = 2147483647;
			files = (
				6FB7E4402B9B804C00E69C64 /* reMindSwiftDataTests.swift in Sources */,
			);
			runOnlyForDeploymentPostprocessing = 0;
		};
		6FB7E4412B9B804C00E69C64 /* Sources */ = {
			isa = PBXSourcesBuildPhase;
			buildActionMask = 2147483647;
			files = (
				6FB7E44A2B9B804C00E69C64 /* reMindSwiftDataUITests.swift in Sources */,
				6FB7E44C2B9B804C00E69C64 /* reMindSwiftDataUITestsLaunchTests.swift in Sources */,
			);
			runOnlyForDeploymentPostprocessing = 0;
		};
/* End PBXSourcesBuildPhase section */

/* Begin PBXTargetDependency section */
		6FB7E43D2B9B804C00E69C64 /* PBXTargetDependency */ = {
			isa = PBXTargetDependency;
			target = 6FB7E4282B9B804900E69C64 /* reMindSwiftData */;
			targetProxy = 6FB7E43C2B9B804C00E69C64 /* PBXContainerItemProxy */;
		};
		6FB7E4472B9B804C00E69C64 /* PBXTargetDependency */ = {
			isa = PBXTargetDependency;
			target = 6FB7E4282B9B804900E69C64 /* reMindSwiftData */;
			targetProxy = 6FB7E4462B9B804C00E69C64 /* PBXContainerItemProxy */;
		};
/* End PBXTargetDependency section */

/* Begin XCBuildConfiguration section */
		6FB7E44D2B9B804C00E69C64 /* Debug */ = {
			isa = XCBuildConfiguration;
			buildSettings = {
				ALWAYS_SEARCH_USER_PATHS = NO;
				ASSETCATALOG_COMPILER_GENERATE_SWIFT_ASSET_SYMBOL_EXTENSIONS = YES;
				CLANG_ANALYZER_NONNULL = YES;
				CLANG_ANALYZER_NUMBER_OBJECT_CONVERSION = YES_AGGRESSIVE;
				CLANG_CXX_LANGUAGE_STANDARD = "gnu++20";
				CLANG_ENABLE_MODULES = YES;
				CLANG_ENABLE_OBJC_ARC = YES;
				CLANG_ENABLE_OBJC_WEAK = YES;
				CLANG_WARN_BLOCK_CAPTURE_AUTORELEASING = YES;
				CLANG_WARN_BOOL_CONVERSION = YES;
				CLANG_WARN_COMMA = YES;
				CLANG_WARN_CONSTANT_CONVERSION = YES;
				CLANG_WARN_DEPRECATED_OBJC_IMPLEMENTATIONS = YES;
				CLANG_WARN_DIRECT_OBJC_ISA_USAGE = YES_ERROR;
				CLANG_WARN_DOCUMENTATION_COMMENTS = YES;
				CLANG_WARN_EMPTY_BODY = YES;
				CLANG_WARN_ENUM_CONVERSION = YES;
				CLANG_WARN_INFINITE_RECURSION = YES;
				CLANG_WARN_INT_CONVERSION = YES;
				CLANG_WARN_NON_LITERAL_NULL_CONVERSION = YES;
				CLANG_WARN_OBJC_IMPLICIT_RETAIN_SELF = YES;
				CLANG_WARN_OBJC_LITERAL_CONVERSION = YES;
				CLANG_WARN_OBJC_ROOT_CLASS = YES_ERROR;
				CLANG_WARN_QUOTED_INCLUDE_IN_FRAMEWORK_HEADER = YES;
				CLANG_WARN_RANGE_LOOP_ANALYSIS = YES;
				CLANG_WARN_STRICT_PROTOTYPES = YES;
				CLANG_WARN_SUSPICIOUS_MOVE = YES;
				CLANG_WARN_UNGUARDED_AVAILABILITY = YES_AGGRESSIVE;
				CLANG_WARN_UNREACHABLE_CODE = YES;
				CLANG_WARN__DUPLICATE_METHOD_MATCH = YES;
				COPY_PHASE_STRIP = NO;
				DEBUG_INFORMATION_FORMAT = dwarf;
				ENABLE_STRICT_OBJC_MSGSEND = YES;
				ENABLE_TESTABILITY = YES;
				ENABLE_USER_SCRIPT_SANDBOXING = YES;
				GCC_C_LANGUAGE_STANDARD = gnu17;
				GCC_DYNAMIC_NO_PIC = NO;
				GCC_NO_COMMON_BLOCKS = YES;
				GCC_OPTIMIZATION_LEVEL = 0;
				GCC_PREPROCESSOR_DEFINITIONS = (
					"DEBUG=1",
					"$(inherited)",
				);
				GCC_WARN_64_TO_32_BIT_CONVERSION = YES;
				GCC_WARN_ABOUT_RETURN_TYPE = YES_ERROR;
				GCC_WARN_UNDECLARED_SELECTOR = YES;
				GCC_WARN_UNINITIALIZED_AUTOS = YES_AGGRESSIVE;
				GCC_WARN_UNUSED_FUNCTION = YES;
				GCC_WARN_UNUSED_VARIABLE = YES;
				IPHONEOS_DEPLOYMENT_TARGET = 17.4;
				LOCALIZATION_PREFERS_STRING_CATALOGS = YES;
				MTL_ENABLE_DEBUG_INFO = INCLUDE_SOURCE;
				MTL_FAST_MATH = YES;
				ONLY_ACTIVE_ARCH = YES;
				SDKROOT = iphoneos;
				SWIFT_ACTIVE_COMPILATION_CONDITIONS = "DEBUG $(inherited)";
				SWIFT_OPTIMIZATION_LEVEL = "-Onone";
			};
			name = Debug;
		};
		6FB7E44E2B9B804C00E69C64 /* Release */ = {
			isa = XCBuildConfiguration;
			buildSettings = {
				ALWAYS_SEARCH_USER_PATHS = NO;
				ASSETCATALOG_COMPILER_GENERATE_SWIFT_ASSET_SYMBOL_EXTENSIONS = YES;
				CLANG_ANALYZER_NONNULL = YES;
				CLANG_ANALYZER_NUMBER_OBJECT_CONVERSION = YES_AGGRESSIVE;
				CLANG_CXX_LANGUAGE_STANDARD = "gnu++20";
				CLANG_ENABLE_MODULES = YES;
				CLANG_ENABLE_OBJC_ARC = YES;
				CLANG_ENABLE_OBJC_WEAK = YES;
				CLANG_WARN_BLOCK_CAPTURE_AUTORELEASING = YES;
				CLANG_WARN_BOOL_CONVERSION = YES;
				CLANG_WARN_COMMA = YES;
				CLANG_WARN_CONSTANT_CONVERSION = YES;
				CLANG_WARN_DEPRECATED_OBJC_IMPLEMENTATIONS = YES;
				CLANG_WARN_DIRECT_OBJC_ISA_USAGE = YES_ERROR;
				CLANG_WARN_DOCUMENTATION_COMMENTS = YES;
				CLANG_WARN_EMPTY_BODY = YES;
				CLANG_WARN_ENUM_CONVERSION = YES;
				CLANG_WARN_INFINITE_RECURSION = YES;
				CLANG_WARN_INT_CONVERSION = YES;
				CLANG_WARN_NON_LITERAL_NULL_CONVERSION = YES;
				CLANG_WARN_OBJC_IMPLICIT_RETAIN_SELF = YES;
				CLANG_WARN_OBJC_LITERAL_CONVERSION = YES;
				CLANG_WARN_OBJC_ROOT_CLASS = YES_ERROR;
				CLANG_WARN_QUOTED_INCLUDE_IN_FRAMEWORK_HEADER = YES;
				CLANG_WARN_RANGE_LOOP_ANALYSIS = YES;
				CLANG_WARN_STRICT_PROTOTYPES = YES;
				CLANG_WARN_SUSPICIOUS_MOVE = YES;
				CLANG_WARN_UNGUARDED_AVAILABILITY = YES_AGGRESSIVE;
				CLANG_WARN_UNREACHABLE_CODE = YES;
				CLANG_WARN__DUPLICATE_METHOD_MATCH = YES;
				COPY_PHASE_STRIP = NO;
				DEBUG_INFORMATION_FORMAT = "dwarf-with-dsym";
				ENABLE_NS_ASSERTIONS = NO;
				ENABLE_STRICT_OBJC_MSGSEND = YES;
				ENABLE_USER_SCRIPT_SANDBOXING = YES;
				GCC_C_LANGUAGE_STANDARD = gnu17;
				GCC_NO_COMMON_BLOCKS = YES;
				GCC_WARN_64_TO_32_BIT_CONVERSION = YES;
				GCC_WARN_ABOUT_RETURN_TYPE = YES_ERROR;
				GCC_WARN_UNDECLARED_SELECTOR = YES;
				GCC_WARN_UNINITIALIZED_AUTOS = YES_AGGRESSIVE;
				GCC_WARN_UNUSED_FUNCTION = YES;
				GCC_WARN_UNUSED_VARIABLE = YES;
				IPHONEOS_DEPLOYMENT_TARGET = 17.4;
				LOCALIZATION_PREFERS_STRING_CATALOGS = YES;
				MTL_ENABLE_DEBUG_INFO = NO;
				MTL_FAST_MATH = YES;
				SDKROOT = iphoneos;
				SWIFT_COMPILATION_MODE = wholemodule;
				VALIDATE_PRODUCT = YES;
			};
			name = Release;
		};
		6FB7E4502B9B804C00E69C64 /* Debug */ = {
			isa = XCBuildConfiguration;
			buildSettings = {
				ASSETCATALOG_COMPILER_APPICON_NAME = AppIcon;
				ASSETCATALOG_COMPILER_GLOBAL_ACCENT_COLOR_NAME = AccentColor;
				CODE_SIGN_STYLE = Automatic;
				CURRENT_PROJECT_VERSION = 1;
				DEVELOPMENT_ASSET_PATHS = "\"reMindSwiftData/Preview Content\"";
				DEVELOPMENT_TEAM = K328B98U3F;
				ENABLE_PREVIEWS = YES;
				GENERATE_INFOPLIST_FILE = YES;
				INFOPLIST_KEY_UIApplicationSceneManifest_Generation = YES;
				INFOPLIST_KEY_UIApplicationSupportsIndirectInputEvents = YES;
				INFOPLIST_KEY_UILaunchScreen_Generation = YES;
				INFOPLIST_KEY_UISupportedInterfaceOrientations_iPad = "UIInterfaceOrientationPortrait UIInterfaceOrientationPortraitUpsideDown UIInterfaceOrientationLandscapeLeft UIInterfaceOrientationLandscapeRight";
				INFOPLIST_KEY_UISupportedInterfaceOrientations_iPhone = "UIInterfaceOrientationPortrait UIInterfaceOrientationLandscapeLeft UIInterfaceOrientationLandscapeRight";
				LD_RUNPATH_SEARCH_PATHS = (
					"$(inherited)",
					"@executable_path/Frameworks",
				);
				MARKETING_VERSION = 1.0;
				PRODUCT_BUNDLE_IDENTIFIER = com.luizaraujo.reMindSwiftData;
				PRODUCT_NAME = "$(TARGET_NAME)";
				SWIFT_EMIT_LOC_STRINGS = YES;
				SWIFT_VERSION = 5.0;
				TARGETED_DEVICE_FAMILY = "1,2";
			};
			name = Debug;
		};
		6FB7E4512B9B804C00E69C64 /* Release */ = {
			isa = XCBuildConfiguration;
			buildSettings = {
				ASSETCATALOG_COMPILER_APPICON_NAME = AppIcon;
				ASSETCATALOG_COMPILER_GLOBAL_ACCENT_COLOR_NAME = AccentColor;
				CODE_SIGN_STYLE = Automatic;
				CURRENT_PROJECT_VERSION = 1;
				DEVELOPMENT_ASSET_PATHS = "\"reMindSwiftData/Preview Content\"";
				DEVELOPMENT_TEAM = K328B98U3F;
				ENABLE_PREVIEWS = YES;
				GENERATE_INFOPLIST_FILE = YES;
				INFOPLIST_KEY_UIApplicationSceneManifest_Generation = YES;
				INFOPLIST_KEY_UIApplicationSupportsIndirectInputEvents = YES;
				INFOPLIST_KEY_UILaunchScreen_Generation = YES;
				INFOPLIST_KEY_UISupportedInterfaceOrientations_iPad = "UIInterfaceOrientationPortrait UIInterfaceOrientationPortraitUpsideDown UIInterfaceOrientationLandscapeLeft UIInterfaceOrientationLandscapeRight";
				INFOPLIST_KEY_UISupportedInterfaceOrientations_iPhone = "UIInterfaceOrientationPortrait UIInterfaceOrientationLandscapeLeft UIInterfaceOrientationLandscapeRight";
				LD_RUNPATH_SEARCH_PATHS = (
					"$(inherited)",
					"@executable_path/Frameworks",
				);
				MARKETING_VERSION = 1.0;
				PRODUCT_BUNDLE_IDENTIFIER = com.luizaraujo.reMindSwiftData;
				PRODUCT_NAME = "$(TARGET_NAME)";
				SWIFT_EMIT_LOC_STRINGS = YES;
				SWIFT_VERSION = 5.0;
				TARGETED_DEVICE_FAMILY = "1,2";
			};
			name = Release;
		};
		6FB7E4532B9B804C00E69C64 /* Debug */ = {
			isa = XCBuildConfiguration;
			buildSettings = {
				ALWAYS_EMBED_SWIFT_STANDARD_LIBRARIES = YES;
				BUNDLE_LOADER = "$(TEST_HOST)";
				CODE_SIGN_STYLE = Automatic;
				CURRENT_PROJECT_VERSION = 1;
				DEVELOPMENT_TEAM = K328B98U3F;
				GENERATE_INFOPLIST_FILE = YES;
				IPHONEOS_DEPLOYMENT_TARGET = 17.4;
				MARKETING_VERSION = 1.0;
				PRODUCT_BUNDLE_IDENTIFIER = com.luizaraujo.reMindSwiftDataTests;
				PRODUCT_NAME = "$(TARGET_NAME)";
				SWIFT_EMIT_LOC_STRINGS = NO;
				SWIFT_VERSION = 5.0;
				TARGETED_DEVICE_FAMILY = "1,2";
				TEST_HOST = "$(BUILT_PRODUCTS_DIR)/reMindSwiftData.app/$(BUNDLE_EXECUTABLE_FOLDER_PATH)/reMindSwiftData";
			};
			name = Debug;
		};
		6FB7E4542B9B804C00E69C64 /* Release */ = {
			isa = XCBuildConfiguration;
			buildSettings = {
				ALWAYS_EMBED_SWIFT_STANDARD_LIBRARIES = YES;
				BUNDLE_LOADER = "$(TEST_HOST)";
				CODE_SIGN_STYLE = Automatic;
				CURRENT_PROJECT_VERSION = 1;
				DEVELOPMENT_TEAM = K328B98U3F;
				GENERATE_INFOPLIST_FILE = YES;
				IPHONEOS_DEPLOYMENT_TARGET = 17.4;
				MARKETING_VERSION = 1.0;
				PRODUCT_BUNDLE_IDENTIFIER = com.luizaraujo.reMindSwiftDataTests;
				PRODUCT_NAME = "$(TARGET_NAME)";
				SWIFT_EMIT_LOC_STRINGS = NO;
				SWIFT_VERSION = 5.0;
				TARGETED_DEVICE_FAMILY = "1,2";
				TEST_HOST = "$(BUILT_PRODUCTS_DIR)/reMindSwiftData.app/$(BUNDLE_EXECUTABLE_FOLDER_PATH)/reMindSwiftData";
			};
			name = Release;
		};
		6FB7E4562B9B804C00E69C64 /* Debug */ = {
			isa = XCBuildConfiguration;
			buildSettings = {
				ALWAYS_EMBED_SWIFT_STANDARD_LIBRARIES = YES;
				CODE_SIGN_STYLE = Automatic;
				CURRENT_PROJECT_VERSION = 1;
				DEVELOPMENT_TEAM = K328B98U3F;
				GENERATE_INFOPLIST_FILE = YES;
				MARKETING_VERSION = 1.0;
				PRODUCT_BUNDLE_IDENTIFIER = com.luizaraujo.reMindSwiftDataUITests;
				PRODUCT_NAME = "$(TARGET_NAME)";
				SWIFT_EMIT_LOC_STRINGS = NO;
				SWIFT_VERSION = 5.0;
				TARGETED_DEVICE_FAMILY = "1,2";
				TEST_TARGET_NAME = reMindSwiftData;
			};
			name = Debug;
		};
		6FB7E4572B9B804C00E69C64 /* Release */ = {
			isa = XCBuildConfiguration;
			buildSettings = {
				ALWAYS_EMBED_SWIFT_STANDARD_LIBRARIES = YES;
				CODE_SIGN_STYLE = Automatic;
				CURRENT_PROJECT_VERSION = 1;
				DEVELOPMENT_TEAM = K328B98U3F;
				GENERATE_INFOPLIST_FILE = YES;
				MARKETING_VERSION = 1.0;
				PRODUCT_BUNDLE_IDENTIFIER = com.luizaraujo.reMindSwiftDataUITests;
				PRODUCT_NAME = "$(TARGET_NAME)";
				SWIFT_EMIT_LOC_STRINGS = NO;
				SWIFT_VERSION = 5.0;
				TARGETED_DEVICE_FAMILY = "1,2";
				TEST_TARGET_NAME = reMindSwiftData;
			};
			name = Release;
		};
/* End XCBuildConfiguration section */

/* Begin XCConfigurationList section */
		6FB7E4242B9B804900E69C64 /* Build configuration list for PBXProject "reMindSwiftData" */ = {
			isa = XCConfigurationList;
			buildConfigurations = (
				6FB7E44D2B9B804C00E69C64 /* Debug */,
				6FB7E44E2B9B804C00E69C64 /* Release */,
			);
			defaultConfigurationIsVisible = 0;
			defaultConfigurationName = Release;
		};
		6FB7E44F2B9B804C00E69C64 /* Build configuration list for PBXNativeTarget "reMindSwiftData" */ = {
			isa = XCConfigurationList;
			buildConfigurations = (
				6FB7E4502B9B804C00E69C64 /* Debug */,
				6FB7E4512B9B804C00E69C64 /* Release */,
			);
			defaultConfigurationIsVisible = 0;
			defaultConfigurationName = Release;
		};
		6FB7E4522B9B804C00E69C64 /* Build configuration list for PBXNativeTarget "reMindSwiftDataTests" */ = {
			isa = XCConfigurationList;
			buildConfigurations = (
				6FB7E4532B9B804C00E69C64 /* Debug */,
				6FB7E4542B9B804C00E69C64 /* Release */,
			);
			defaultConfigurationIsVisible = 0;
			defaultConfigurationName = Release;
		};
		6FB7E4552B9B804C00E69C64 /* Build configuration list for PBXNativeTarget "reMindSwiftDataUITests" */ = {
			isa = XCConfigurationList;
			buildConfigurations = (
				6FB7E4562B9B804C00E69C64 /* Debug */,
				6FB7E4572B9B804C00E69C64 /* Release */,
			);
			defaultConfigurationIsVisible = 0;
			defaultConfigurationName = Release;
		};
/* End XCConfigurationList section */
	};
	rootObject = 6FB7E4212B9B804900E69C64 /* Project object */;
}
