// !$*UTF8*$!
{
	archiveVersion = 1;
	classes = {
	};
	objectVersion = 56;
	objects = {

/* Begin PBXBuildFile section */
		6FB7E42D2B9B804900E69C64 /* reMindSwiftDataApp.swift in Sources */ = {isa = PBXBuildFile; fileRef = 6FB7E42C2B9B804900E69C64 /* reMindSwiftDataApp.swift */; };
		6FB7E42F2B9B804900E69C64 /* ContentView.swift in Sources */ = {isa = PBXBuildFile; fileRef = 6FB7E42E2B9B804900E69C64 /* ContentView.swift */; };
		6FB7E4312B9B804900E69C64 /* Item.swift in Sources */ = {isa = PBXBuildFile; fileRef = 6FB7E4302B9B804900E69C64 /* Item.swift */; };
		6FB7E4332B9B804B00E69C64 /* Assets.xcassets in Resources */ = {isa = PBXBuildFile; fileRef = 6FB7E4322B9B804B00E69C64 /* Assets.xcassets */; };
		6FB7E4362B9B804B00E69C64 /* Preview Assets.xcassets in Resources */ = {isa = PBXBuildFile; fileRef = 6FB7E4352B9B804B00E69C64 /* Preview Assets.xcassets */; };
		6FB7E4402B9B804C00E69C64 /* reMindSwiftDataTests.swift in Sources */ = {isa = PBXBuildFile; fileRef = 6FB7E43F2B9B804C00E69C64 /* reMindSwiftDataTests.swift */; };
		6FB7E44A2B9B804C00E69C64 /* reMindSwiftDataUITests.swift in Sources */ = {isa = PBXBuildFile; fileRef = 6FB7E4492B9B804C00E69C64 /* reMindSwiftDataUITests.swift */; };
		6FB7E44C2B9B804C00E69C64 /* reMindSwiftDataUITestsLaunchTests.swift in Sources */ = {isa = PBXBuildFile; fileRef = 6FB7E44B2B9B804C00E69C64 /* reMindSwiftDataUITestsLaunchTests.swift */; };
/* End PBXBuildFile section */

/* Begin PBXContainerItemProxy section */
		6FB7E43C2B9B804C00E69C64 /* PBXContainerItemProxy */ = {
			isa = PBXContainerItemProxy;
			containerPortal = 6FB7E4212B9B804900E69C64 /* Project object */;
			proxyType = 1;
			remoteGlobalIDString = 6FB7E4282B9B804900E69C64;
			remoteInfo = reMindSwiftData;
		};
		6FB7E4462B9B804C00E69C64 /* PBXContainerItemProxy */ = {
			isa = PBXContainerItemProxy;
			containerPortal = 6FB7E4212B9B804900E69C64 /* Project object */;
			proxyType = 1;
			remoteGlobalIDString = 6FB7E4282B9B804900E69C64;
			remoteInfo = reMindSwiftData;
		};
/* End PBXContainerItemProxy section */

/* Begin PBXFileReference section */
		6FB7E4292B9B804900E69C64 /* reMindSwiftData.app */ = {isa = PBXFileReference; explicitFileType = wrapper.application; includeInIndex = 0; path = reMindSwiftData.app; sourceTree = BUILT_PRODUCTS_DIR; };
		6FB7E42C2B9B804900E69C64 /* reMindSwiftDataApp.swift */ = {isa = PBXFileReference; lastKnownFileType = sourcecode.swift; path = reMindSwiftDataApp.swift; sourceTree = "<group>"; };
		6FB7E42E2B9B804900E69C64 /* ContentView.swift */ = {isa = PBXFileReference; lastKnownFileType = sourcecode.swift; path = ContentView.swift; sourceTree = "<group>"; };
		6FB7E4302B9B804900E69C64 /* Item.swift */ = {isa = PBXFileReference; lastKnownFileType = sourcecode.swift; path = Item.swift; sourceTree = "<group>"; };
		6FB7E4322B9B804B00E69C64 /* Assets.xcassets */ = {isa = PBXFileReference; lastKnownFileType = folder.assetcatalog; path = Assets.xcassets; sourceTree = "<group>"; };
		6FB7E4352B9B804B00E69C64 /* Preview Assets.xcassets */ = {isa = PBXFileReference; lastKnownFileType = folder.assetcatalog; path = "Preview Assets.xcassets"; sourceTree = "<group>"; };
		6FB7E43B2B9B804C00E69C64 /* reMindSwiftDataTests.xctest */ = {isa = PBXFileReference; explicitFileType = wrapper.cfbundle; includeInIndex = 0; path = reMindSwiftDataTests.xctest; sourceTree = BUILT_PRODUCTS_DIR; };
		6FB7E43F2B9B804C00E69C64 /* reMindSwiftDataTests.swift */ = {isa = PBXFileReference; lastKnownFileType = sourcecode.swift; path = reMindSwiftDataTests.swift; sourceTree = "<group>"; };
		6FB7E4452B9B804C00E69C64 /* reMindSwiftDataUITests.xctest */ = {isa = PBXFileReference; explicitFileType = wrapper.cfbundle; includeInIndex = 0; path = reMindSwiftDataUITests.xctest; sourceTree = BUILT_PRODUCTS_DIR; };
		6FB7E4492B9B804C00E69C64 /* reMindSwiftDataUITests.swift */ = {isa = PBXFileReference; lastKnownFileType = sourcecode.swift; path = reMindSwiftDataUITests.swift; sourceTree = "<group>"; };
		6FB7E44B2B9B804C00E69C64 /* reMindSwiftDataUITestsLaunchTests.swift */ = {isa = PBXFileReference; lastKnownFileType = sourcecode.swift; path = reMindSwiftDataUITestsLaunchTests.swift; sourceTree = "<group>"; };
/* End PBXFileReference section */

/* Begin PBXFrameworksBuildPhase section */
		6FB7E4262B9B804900E69C64 /* Frameworks */ = {
			isa = PBXFrameworksBuildPhase;
			buildActionMask = 2147483647;
			files = (
			);
			runOnlyForDeploymentPostprocessing = 0;
		};
		6FB7E4382B9B804C00E69C64 /* Frameworks */ = {
			isa = PBXFrameworksBuildPhase;
			buildActionMask = 2147483647;
			files = (
			);
			runOnlyForDeploymentPostprocessing = 0;
		};
		6FB7E4422B9B804C00E69C64 /* Frameworks */ = {
			isa = PBXFrameworksBuildPhase;
			buildActionMask = 2147483647;
			files = (
			);
			runOnlyForDeploymentPostprocessing = 0;
		};
/* End PBXFrameworksBuildPhase section */

/* Begin PBXGroup section */
		6FB7E4202B9B804900E69C64 = {
			isa = PBXGroup;
			children = (
				6FB7E42B2B9B804900E69C64 /* reMindSwiftData */,
				6FB7E43E2B9B804C00E69C64 /* reMindSwiftDataTests */,
				6FB7E4482B9B804C00E69C64 /* reMindSwiftDataUITests */,
				6FB7E42A2B9B804900E69C64 /* Products */,
			);
			sourceTree = "<group>";
		};
		6FB7E42A2B9B804900E69C64 /* Products */ = {
			isa = PBXGroup;
			children = (
				6FB7E4292B9B804900E69C64 /* reMindSwiftData.app */,
				6FB7E43B2B9B804C00E69C64 /* reMindSwiftDataTests.xctest */,
				6FB7E4452B9B804C00E69C64 /* reMindSwiftDataUITests.xctest */,
			);
			name = Products;
			sourceTree = "<group>";
		};
		6FB7E42B2B9B804900E69C64 /* reMindSwiftData */ = {
			isa = PBXGroup;
			children = (
				6FB7E42C2B9B804900E69C64 /* reMindSwiftDataApp.swift */,
				6FB7E42E2B9B804900E69C64 /* ContentView.swift */,
				6FB7E4302B9B804900E69C64 /* Item.swift */,
				6FB7E4322B9B804B00E69C64 /* Assets.xcassets */,
				6FB7E4342B9B804B00E69C64 /* Preview Content */,
			);
			path = reMindSwiftData;
			sourceTree = "<group>";
		};
		6FB7E4342B9B804B00E69C64 /* Preview Content */ = {
			isa = PBXGroup;
			children = (
				6FB7E4352B9B804B00E69C64 /* Preview Assets.xcassets */,
			);
			path = "Preview Content";
			sourceTree = "<group>";
		};
		6FB7E43E2B9B804C00E69C64 /* reMindSwiftDataTests */ = {
			isa = PBXGroup;
			children = (
				6FB7E43F2B9B804C00E69C64 /* reMindSwiftDataTests.swift */,
			);
			path = reMindSwiftDataTests;
			sourceTree = "<group>";
		};
		6FB7E4482B9B804C00E69C64 /* reMindSwiftDataUITests */ = {
			isa = PBXGroup;
			children = (
				6FB7E4492B9B804C00E69C64 /* reMindSwiftDataUITests.swift */,
				6FB7E44B2B9B804C00E69C64 /* reMindSwiftDataUITestsLaunchTests.swift */,
			);
			path = reMindSwiftDataUITests;
			sourceTree = "<group>";
		};
/* End PBXGroup section */

/* Begin PBXNativeTarget section */
		6FB7E4282B9B804900E69C64 /* reMindSwiftData */ = {
			isa = PBXNativeTarget;
			buildConfigurationList = 6FB7E44F2B9B804C00E69C64 /* Build configuration list for PBXNativeTarget "reMindSwiftData" */;
			buildPhases = (
				6FB7E4252B9B804900E69C64 /* Sources */,
				6FB7E4262B9B804900E69C64 /* Frameworks */,
				6FB7E4272B9B804900E69C64 /* Resources */,
			);
			buildRules = (
			);
			dependencies = (
			);
			name = reMindSwiftData;
			productName = reMindSwiftData;
			productReference = 6FB7E4292B9B804900E69C64 /* reMindSwiftData.app */;
			productType = "com.apple.product-type.application";
		};
		6FB7E43A2B9B804C00E69C64 /* reMindSwiftDataTests */ = {
			isa = PBXNativeTarget;
			buildConfigurationList = 6FB7E4522B9B804C00E69C64 /* Build configuration list for PBXNativeTarget "reMindSwiftDataTests" */;
			buildPhases = (
				6FB7E4372B9B804C00E69C64 /* Sources */,
				6FB7E4382B9B804C00E69C64 /* Frameworks */,
				6FB7E4392B9B804C00E69C64 /* Resources */,
			);
			buildRules = (
			);
			dependencies = (
				6FB7E43D2B9B804C00E69C64 /* PBXTargetDependency */,
			);
			name = reMindSwiftDataTests;
			productName = reMindSwiftDataTests;
			productReference = 6FB7E43B2B9B804C00E69C64 /* reMindSwiftDataTests.xctest */;
			productType = "com.apple.product-type.bundle.unit-test";
		};
		6FB7E4442B9B804C00E69C64 /* reMindSwiftDataUITests */ = {
			isa = PBXNativeTarget;
			buildConfigurationList = 6FB7E4552B9B804C00E69C64 /* Build configuration list for PBXNativeTarget "reMindSwiftDataUITests" */;
			buildPhases = (
				6FB7E4412B9B804C00E69C64 /* Sources */,
				6FB7E4422B9B804C00E69C64 /* Frameworks */,
				6FB7E4432B9B804C00E69C64 /* Resources */,
			);
			buildRules = (
			);
			dependencies = (
				6FB7E4472B9B804C00E69C64 /* PBXTargetDependency */,
			);
			name = reMindSwiftDataUITests;
			productName = reMindSwiftDataUITests;
			productReference = 6FB7E4452B9B804C00E69C64 /* reMindSwiftDataUITests.xctest */;
			productType = "com.apple.product-type.bundle.ui-testing";
		};
/* End PBXNativeTarget section */

/* Begin PBXProject section */
		6FB7E4212B9B804900E69C64 /* Project object */ = {
			isa = PBXProject;
			attributes = {
				BuildIndependentTargetsInParallel = 1;
				LastSwiftUpdateCheck = 1530;
				LastUpgradeCheck = 1530;
				TargetAttributes = {
					6FB7E4282B9B804900E69C64 = {
						CreatedOnToolsVersion = 15.3;
					};
					6FB7E43A2B9B804C00E69C64 = {
						CreatedOnToolsVersion = 15.3;
						TestTargetID = 6FB7E4282B9B804900E69C64;
					};
					6FB7E4442B9B804C00E69C64 = {
						CreatedOnToolsVersion = 15.3;
						TestTargetID = 6FB7E4282B9B804900E69C64;
					};
				};
			};
			buildConfigurationList = 6FB7E4242B9B804900E69C64 /* Build configuration list for PBXProject "reMindSwiftData" */;
			compatibilityVersion = "Xcode 14.0";
			developmentRegion = en;
			hasScannedForEncodings = 0;
			knownRegions = (
				en,
				Base,
			);
			mainGroup = 6FB7E4202B9B804900E69C64;
			productRefGroup = 6FB7E42A2B9B804900E69C64 /* Products */;
			projectDirPath = "";
			projectRoot = "";
			targets = (
				6FB7E4282B9B804900E69C64 /* reMindSwiftData */,
				6FB7E43A2B9B804C00E69C64 /* reMindSwiftDataTests */,
				6FB7E4442B9B804C00E69C64 /* reMindSwiftDataUITests */,
			);
		};
/* End PBXProject section */

/* Begin PBXResourcesBuildPhase section */
		6FB7E4272B9B804900E69C64 /* Resources */ = {
			isa = PBXResourcesBuildPhase;
			buildActionMask = 2147483647;
			files = (
				6FB7E4362B9B804B00E69C64 /* Preview Assets.xcassets in Resources */,
				6FB7E4332B9B804B00E69C64 /* Assets.xcassets in Resources */,
			);
			runOnlyForDeploymentPostprocessing = 0;
		};
		6FB7E4392B9B804C00E69C64 /* Resources */ = {
			isa = PBXResourcesBuildPhase;
			buildActionMask = 2147483647;
			files = (
			);
			runOnlyForDeploymentPostprocessing = 0;
		};
		6FB7E4432B9B804C00E69C64 /* Resources */ = {
			isa = PBXResourcesBuildPhase;
			buildActionMask = 2147483647;
			files = (
			);
			runOnlyForDeploymentPostprocessing = 0;
		};
/* End PBXResourcesBuildPhase section */

/* Begin PBXSourcesBuildPhase section */
		6FB7E4252B9B804900E69C64 /* Sources */ = {
			isa = PBXSourcesBuildPhase;
			buildActionMask = 2147483647;
			files = (
				6FB7E42F2B9B804900E69C64 /* ContentView.swift in Sources */,
				6FB7E4312B9B804900E69C64 /* Item.swift in Sources */,
				6FB7E42D2B9B804900E69C64 /* reMindSwiftDataApp.swift in Sources */,
			);
			runOnlyForDeploymentPostprocessing = 0;
		};
		6FB7E4372B9B804C00E69C64 /* Sources */ = {
			isa = PBXSourcesBuildPhase;
			buildActionMask = 2147483647;
			files = (
				6FB7E4402B9B804C00E69C64 /* reMindSwiftDataTests.swift in Sources */,
			);
			runOnlyForDeploymentPostprocessing = 0;
		};
		6FB7E4412B9B804C00E69C64 /* Sources */ = {
			isa = PBXSourcesBuildPhase;
			buildActionMask = 2147483647;
			files = (
				6FB7E44A2B9B804C00E69C64 /* reMindSwiftDataUITests.swift in Sources */,
				6FB7E44C2B9B804C00E69C64 /* reMindSwiftDataUITestsLaunchTests.swift in Sources */,
			);
			runOnlyForDeploymentPostprocessing = 0;
		};
/* End PBXSourcesBuildPhase section */

/* Begin PBXTargetDependency section */
		6FB7E43D2B9B804C00E69C64 /* PBXTargetDependency */ = {
			isa = PBXTargetDependency;
			target = 6FB7E4282B9B804900E69C64 /* reMindSwiftData */;
			targetProxy = 6FB7E43C2B9B804C00E69C64 /* PBXContainerItemProxy */;
		};
		6FB7E4472B9B804C00E69C64 /* PBXTargetDependency */ = {
			isa = PBXTargetDependency;
			target = 6FB7E4282B9B804900E69C64 /* reMindSwiftData */;
			targetProxy = 6FB7E4462B9B804C00E69C64 /* PBXContainerItemProxy */;
		};
/* End PBXTargetDependency section */

/* Begin XCBuildConfiguration section */
		6FB7E44D2B9B804C00E69C64 /* Debug */ = {
			isa = XCBuildConfiguration;
			buildSettings = {
				ALWAYS_SEARCH_USER_PATHS = NO;
				ASSETCATALOG_COMPILER_GENERATE_SWIFT_ASSET_SYMBOL_EXTENSIONS = YES;
				CLANG_ANALYZER_NONNULL = YES;
				CLANG_ANALYZER_NUMBER_OBJECT_CONVERSION = YES_AGGRESSIVE;
				CLANG_CXX_LANGUAGE_STANDARD = "gnu++20";
				CLANG_ENABLE_MODULES = YES;
				CLANG_ENABLE_OBJC_ARC = YES;
				CLANG_ENABLE_OBJC_WEAK = YES;
				CLANG_WARN_BLOCK_CAPTURE_AUTORELEASING = YES;
				CLANG_WARN_BOOL_CONVERSION = YES;
				CLANG_WARN_COMMA = YES;
				CLANG_WARN_CONSTANT_CONVERSION = YES;
				CLANG_WARN_DEPRECATED_OBJC_IMPLEMENTATIONS = YES;
				CLANG_WARN_DIRECT_OBJC_ISA_USAGE = YES_ERROR;
				CLANG_WARN_DOCUMENTATION_COMMENTS = YES;
				CLANG_WARN_EMPTY_BODY = YES;
				CLANG_WARN_ENUM_CONVERSION = YES;
				CLANG_WARN_INFINITE_RECURSION = YES;
				CLANG_WARN_INT_CONVERSION = YES;
				CLANG_WARN_NON_LITERAL_NULL_CONVERSION = YES;
				CLANG_WARN_OBJC_IMPLICIT_RETAIN_SELF = YES;
				CLANG_WARN_OBJC_LITERAL_CONVERSION = YES;
				CLANG_WARN_OBJC_ROOT_CLASS = YES_ERROR;
				CLANG_WARN_QUOTED_INCLUDE_IN_FRAMEWORK_HEADER = YES;
				CLANG_WARN_RANGE_LOOP_ANALYSIS = YES;
				CLANG_WARN_STRICT_PROTOTYPES = YES;
				CLANG_WARN_SUSPICIOUS_MOVE = YES;
				CLANG_WARN_UNGUARDED_AVAILABILITY = YES_AGGRESSIVE;
				CLANG_WARN_UNREACHABLE_CODE = YES;
				CLANG_WARN__DUPLICATE_METHOD_MATCH = YES;
				COPY_PHASE_STRIP = NO;
				DEBUG_INFORMATION_FORMAT = dwarf;
				ENABLE_STRICT_OBJC_MSGSEND = YES;
				ENABLE_TESTABILITY = YES;
				ENABLE_USER_SCRIPT_SANDBOXING = YES;
				GCC_C_LANGUAGE_STANDARD = gnu17;
				GCC_DYNAMIC_NO_PIC = NO;
				GCC_NO_COMMON_BLOCKS = YES;
				GCC_OPTIMIZATION_LEVEL = 0;
				GCC_PREPROCESSOR_DEFINITIONS = (
					"DEBUG=1",
					"$(inherited)",
				);
				GCC_WARN_64_TO_32_BIT_CONVERSION = YES;
				GCC_WARN_ABOUT_RETURN_TYPE = YES_ERROR;
				GCC_WARN_UNDECLARED_SELECTOR = YES;
				GCC_WARN_UNINITIALIZED_AUTOS = YES_AGGRESSIVE;
				GCC_WARN_UNUSED_FUNCTION = YES;
				GCC_WARN_UNUSED_VARIABLE = YES;
				IPHONEOS_DEPLOYMENT_TARGET = 17.4;
				LOCALIZATION_PREFERS_STRING_CATALOGS = YES;
				MTL_ENABLE_DEBUG_INFO = INCLUDE_SOURCE;
				MTL_FAST_MATH = YES;
				ONLY_ACTIVE_ARCH = YES;
				SDKROOT = iphoneos;
				SWIFT_ACTIVE_COMPILATION_CONDITIONS = "DEBUG $(inherited)";
				SWIFT_OPTIMIZATION_LEVEL = "-Onone";
			};
			name = Debug;
		};
		6FB7E44E2B9B804C00E69C64 /* Release */ = {
			isa = XCBuildConfiguration;
			buildSettings = {
				ALWAYS_SEARCH_USER_PATHS = NO;
				ASSETCATALOG_COMPILER_GENERATE_SWIFT_ASSET_SYMBOL_EXTENSIONS = YES;
				CLANG_ANALYZER_NONNULL = YES;
				CLANG_ANALYZER_NUMBER_OBJECT_CONVERSION = YES_AGGRESSIVE;
				CLANG_CXX_LANGUAGE_STANDARD = "gnu++20";
				CLANG_ENABLE_MODULES = YES;
				CLANG_ENABLE_OBJC_ARC = YES;
				CLANG_ENABLE_OBJC_WEAK = YES;
				CLANG_WARN_BLOCK_CAPTURE_AUTORELEASING = YES;
				CLANG_WARN_BOOL_CONVERSION = YES;
				CLANG_WARN_COMMA = YES;
				CLANG_WARN_CONSTANT_CONVERSION = YES;
				CLANG_WARN_DEPRECATED_OBJC_IMPLEMENTATIONS = YES;
				CLANG_WARN_DIRECT_OBJC_ISA_USAGE = YES_ERROR;
				CLANG_WARN_DOCUMENTATION_COMMENTS = YES;
				CLANG_WARN_EMPTY_BODY = YES;
				CLANG_WARN_ENUM_CONVERSION = YES;
				CLANG_WARN_INFINITE_RECURSION = YES;
				CLANG_WARN_INT_CONVERSION = YES;
				CLANG_WARN_NON_LITERAL_NULL_CONVERSION = YES;
				CLANG_WARN_OBJC_IMPLICIT_RETAIN_SELF = YES;
				CLANG_WARN_OBJC_LITERAL_CONVERSION = YES;
				CLANG_WARN_OBJC_ROOT_CLASS = YES_ERROR;
				CLANG_WARN_QUOTED_INCLUDE_IN_FRAMEWORK_HEADER = YES;
				CLANG_WARN_RANGE_LOOP_ANALYSIS = YES;
				CLANG_WARN_STRICT_PROTOTYPES = YES;
				CLANG_WARN_SUSPICIOUS_MOVE = YES;
				CLANG_WARN_UNGUARDED_AVAILABILITY = YES_AGGRESSIVE;
				CLANG_WARN_UNREACHABLE_CODE = YES;
				CLANG_WARN__DUPLICATE_METHOD_MATCH = YES;
				COPY_PHASE_STRIP = NO;
				DEBUG_INFORMATION_FORMAT = "dwarf-with-dsym";
				ENABLE_NS_ASSERTIONS = NO;
				ENABLE_STRICT_OBJC_MSGSEND = YES;
				ENABLE_USER_SCRIPT_SANDBOXING = YES;
				GCC_C_LANGUAGE_STANDARD = gnu17;
				GCC_NO_COMMON_BLOCKS = YES;
				GCC_WARN_64_TO_32_BIT_CONVERSION = YES;
				GCC_WARN_ABOUT_RETURN_TYPE = YES_ERROR;
				GCC_WARN_UNDECLARED_SELECTOR = YES;
				GCC_WARN_UNINITIALIZED_AUTOS = YES_AGGRESSIVE;
				GCC_WARN_UNUSED_FUNCTION = YES;
				GCC_WARN_UNUSED_VARIABLE = YES;
				IPHONEOS_DEPLOYMENT_TARGET = 17.4;
				LOCALIZATION_PREFERS_STRING_CATALOGS = YES;
				MTL_ENABLE_DEBUG_INFO = NO;
				MTL_FAST_MATH = YES;
				SDKROOT = iphoneos;
				SWIFT_COMPILATION_MODE = wholemodule;
				VALIDATE_PRODUCT = YES;
			};
			name = Release;
		};
		6FB7E4502B9B804C00E69C64 /* Debug */ = {
			isa = XCBuildConfiguration;
			buildSettings = {
				ASSETCATALOG_COMPILER_APPICON_NAME = AppIcon;
				ASSETCATALOG_COMPILER_GLOBAL_ACCENT_COLOR_NAME = AccentColor;
				CODE_SIGN_STYLE = Automatic;
				CURRENT_PROJECT_VERSION = 1;
				DEVELOPMENT_ASSET_PATHS = "\"reMindSwiftData/Preview Content\"";
				DEVELOPMENT_TEAM = K328B98U3F;
				ENABLE_PREVIEWS = YES;
				GENERATE_INFOPLIST_FILE = YES;
				INFOPLIST_KEY_UIApplicationSceneManifest_Generation = YES;
				INFOPLIST_KEY_UIApplicationSupportsIndirectInputEvents = YES;
				INFOPLIST_KEY_UILaunchScreen_Generation = YES;
				INFOPLIST_KEY_UISupportedInterfaceOrientations_iPad = "UIInterfaceOrientationPortrait UIInterfaceOrientationPortraitUpsideDown UIInterfaceOrientationLandscapeLeft UIInterfaceOrientationLandscapeRight";
				INFOPLIST_KEY_UISupportedInterfaceOrientations_iPhone = "UIInterfaceOrientationPortrait UIInterfaceOrientationLandscapeLeft UIInterfaceOrientationLandscapeRight";
				LD_RUNPATH_SEARCH_PATHS = (
					"$(inherited)",
					"@executable_path/Frameworks",
				);
				MARKETING_VERSION = 1.0;
				PRODUCT_BUNDLE_IDENTIFIER = com.luizaraujo.reMindSwiftData;
				PRODUCT_NAME = "$(TARGET_NAME)";
				SWIFT_EMIT_LOC_STRINGS = YES;
				SWIFT_VERSION = 5.0;
				TARGETED_DEVICE_FAMILY = "1,2";
			};
			name = Debug;
		};
		6FB7E4512B9B804C00E69C64 /* Release */ = {
			isa = XCBuildConfiguration;
			buildSettings = {
				ASSETCATALOG_COMPILER_APPICON_NAME = AppIcon;
				ASSETCATALOG_COMPILER_GLOBAL_ACCENT_COLOR_NAME = AccentColor;
				CODE_SIGN_STYLE = Automatic;
				CURRENT_PROJECT_VERSION = 1;
				DEVELOPMENT_ASSET_PATHS = "\"reMindSwiftData/Preview Content\"";
				DEVELOPMENT_TEAM = K328B98U3F;
				ENABLE_PREVIEWS = YES;
				GENERATE_INFOPLIST_FILE = YES;
				INFOPLIST_KEY_UIApplicationSceneManifest_Generation = YES;
				INFOPLIST_KEY_UIApplicationSupportsIndirectInputEvents = YES;
				INFOPLIST_KEY_UILaunchScreen_Generation = YES;
				INFOPLIST_KEY_UISupportedInterfaceOrientations_iPad = "UIInterfaceOrientationPortrait UIInterfaceOrientationPortraitUpsideDown UIInterfaceOrientationLandscapeLeft UIInterfaceOrientationLandscapeRight";
				INFOPLIST_KEY_UISupportedInterfaceOrientations_iPhone = "UIInterfaceOrientationPortrait UIInterfaceOrientationLandscapeLeft UIInterfaceOrientationLandscapeRight";
				LD_RUNPATH_SEARCH_PATHS = (
					"$(inherited)",
					"@executable_path/Frameworks",
				);
				MARKETING_VERSION = 1.0;
				PRODUCT_BUNDLE_IDENTIFIER = com.luizaraujo.reMindSwiftData;
				PRODUCT_NAME = "$(TARGET_NAME)";
				SWIFT_EMIT_LOC_STRINGS = YES;
				SWIFT_VERSION = 5.0;
				TARGETED_DEVICE_FAMILY = "1,2";
			};
			name = Release;
		};
		6FB7E4532B9B804C00E69C64 /* Debug */ = {
			isa = XCBuildConfiguration;
			buildSettings = {
				ALWAYS_EMBED_SWIFT_STANDARD_LIBRARIES = YES;
				BUNDLE_LOADER = "$(TEST_HOST)";
				CODE_SIGN_STYLE = Automatic;
				CURRENT_PROJECT_VERSION = 1;
				DEVELOPMENT_TEAM = K328B98U3F;
				GENERATE_INFOPLIST_FILE = YES;
				IPHONEOS_DEPLOYMENT_TARGET = 17.4;
				MARKETING_VERSION = 1.0;
				PRODUCT_BUNDLE_IDENTIFIER = com.luizaraujo.reMindSwiftDataTests;
				PRODUCT_NAME = "$(TARGET_NAME)";
				SWIFT_EMIT_LOC_STRINGS = NO;
				SWIFT_VERSION = 5.0;
				TARGETED_DEVICE_FAMILY = "1,2";
				TEST_HOST = "$(BUILT_PRODUCTS_DIR)/reMindSwiftData.app/$(BUNDLE_EXECUTABLE_FOLDER_PATH)/reMindSwiftData";
			};
			name = Debug;
		};
		6FB7E4542B9B804C00E69C64 /* Release */ = {
			isa = XCBuildConfiguration;
			buildSettings = {
				ALWAYS_EMBED_SWIFT_STANDARD_LIBRARIES = YES;
				BUNDLE_LOADER = "$(TEST_HOST)";
				CODE_SIGN_STYLE = Automatic;
				CURRENT_PROJECT_VERSION = 1;
				DEVELOPMENT_TEAM = K328B98U3F;
				GENERATE_INFOPLIST_FILE = YES;
				IPHONEOS_DEPLOYMENT_TARGET = 17.4;
				MARKETING_VERSION = 1.0;
				PRODUCT_BUNDLE_IDENTIFIER = com.luizaraujo.reMindSwiftDataTests;
				PRODUCT_NAME = "$(TARGET_NAME)";
				SWIFT_EMIT_LOC_STRINGS = NO;
				SWIFT_VERSION = 5.0;
				TARGETED_DEVICE_FAMILY = "1,2";
				TEST_HOST = "$(BUILT_PRODUCTS_DIR)/reMindSwiftData.app/$(BUNDLE_EXECUTABLE_FOLDER_PATH)/reMindSwiftData";
			};
			name = Release;
		};
		6FB7E4562B9B804C00E69C64 /* Debug */ = {
			isa = XCBuildConfiguration;
			buildSettings = {
				ALWAYS_EMBED_SWIFT_STANDARD_LIBRARIES = YES;
				CODE_SIGN_STYLE = Automatic;
				CURRENT_PROJECT_VERSION = 1;
				DEVELOPMENT_TEAM = K328B98U3F;
				GENERATE_INFOPLIST_FILE = YES;
				MARKETING_VERSION = 1.0;
				PRODUCT_BUNDLE_IDENTIFIER = com.luizaraujo.reMindSwiftDataUITests;
				PRODUCT_NAME = "$(TARGET_NAME)";
				SWIFT_EMIT_LOC_STRINGS = NO;
				SWIFT_VERSION = 5.0;
				TARGETED_DEVICE_FAMILY = "1,2";
				TEST_TARGET_NAME = reMindSwiftData;
			};
			name = Debug;
		};
		6FB7E4572B9B804C00E69C64 /* Release */ = {
			isa = XCBuildConfiguration;
			buildSettings = {
				ALWAYS_EMBED_SWIFT_STANDARD_LIBRARIES = YES;
				CODE_SIGN_STYLE = Automatic;
				CURRENT_PROJECT_VERSION = 1;
				DEVELOPMENT_TEAM = K328B98U3F;
				GENERATE_INFOPLIST_FILE = YES;
				MARKETING_VERSION = 1.0;
				PRODUCT_BUNDLE_IDENTIFIER = com.luizaraujo.reMindSwiftDataUITests;
				PRODUCT_NAME = "$(TARGET_NAME)";
				SWIFT_EMIT_LOC_STRINGS = NO;
				SWIFT_VERSION = 5.0;
				TARGETED_DEVICE_FAMILY = "1,2";
				TEST_TARGET_NAME = reMindSwiftData;
			};
			name = Release;
		};
/* End XCBuildConfiguration section */

/* Begin XCConfigurationList section */
		6FB7E4242B9B804900E69C64 /* Build configuration list for PBXProject "reMindSwiftData" */ = {
			isa = XCConfigurationList;
			buildConfigurations = (
				6FB7E44D2B9B804C00E69C64 /* Debug */,
				6FB7E44E2B9B804C00E69C64 /* Release */,
			);
			defaultConfigurationIsVisible = 0;
			defaultConfigurationName = Release;
		};
		6FB7E44F2B9B804C00E69C64 /* Build configuration list for PBXNativeTarget "reMindSwiftData" */ = {
			isa = XCConfigurationList;
			buildConfigurations = (
				6FB7E4502B9B804C00E69C64 /* Debug */,
				6FB7E4512B9B804C00E69C64 /* Release */,
			);
			defaultConfigurationIsVisible = 0;
			defaultConfigurationName = Release;
		};
		6FB7E4522B9B804C00E69C64 /* Build configuration list for PBXNativeTarget "reMindSwiftDataTests" */ = {
			isa = XCConfigurationList;
			buildConfigurations = (
				6FB7E4532B9B804C00E69C64 /* Debug */,
				6FB7E4542B9B804C00E69C64 /* Release */,
			);
			defaultConfigurationIsVisible = 0;
			defaultConfigurationName = Release;
		};
		6FB7E4552B9B804C00E69C64 /* Build configuration list for PBXNativeTarget "reMindSwiftDataUITests" */ = {
			isa = XCConfigurationList;
			buildConfigurations = (
				6FB7E4562B9B804C00E69C64 /* Debug */,
				6FB7E4572B9B804C00E69C64 /* Release */,
			);
			defaultConfigurationIsVisible = 0;
			defaultConfigurationName = Release;
		};
/* End XCConfigurationList section */
	};
	rootObject = 6FB7E4212B9B804900E69C64 /* Project object */;
}
